// !$*UTF8*$!
{
	archiveVersion = 1;
	classes = {
	};
	objectVersion = 46;
	objects = {

/* Begin PBXBuildFile section */
		5E1118E617E7477B003BF41D /* main.cpp in Sources */ = {isa = PBXBuildFile; fileRef = 5E1118E517E7477B003BF41D /* main.cpp */; };
		5E1118E817E7477B003BF41D /* Test7.1 in CopyFiles */ = {isa = PBXBuildFile; fileRef = 5E1118E717E7477B003BF41D /* Test7.1 */; };
/* End PBXBuildFile section */

/* Begin PBXCopyFilesBuildPhase section */
		5E1118E017E7477B003BF41D /* CopyFiles */ = {
			isa = PBXCopyFilesBuildPhase;
			buildActionMask = 2147483647;
			dstPath = /usr/share/man/man1/;
			dstSubfolderSpec = 0;
			files = (
				5E1118E817E7477B003BF41D /* Test7.1 in CopyFiles */,
			);
			runOnlyForDeploymentPostprocessing = 1;
		};
/* End PBXCopyFilesBuildPhase section */

/* Begin PBXFileReference section */
		5E1118E217E7477B003BF41D /* Test7 */ = {isa = PBXFileReference; explicitFileType = "compiled.mach-o.executable"; includeInIndex = 0; path = Test7; sourceTree = BUILT_PRODUCTS_DIR; };
		5E1118E517E7477B003BF41D /* main.cpp */ = {isa = PBXFileReference; lastKnownFileType = sourcecode.cpp.cpp; path = main.cpp; sourceTree = "<group>"; };
		5E1118E717E7477B003BF41D /* Test7.1 */ = {isa = PBXFileReference; lastKnownFileType = text.man; path = Test7.1; sourceTree = "<group>"; };
/* End PBXFileReference section */

/* Begin PBXFrameworksBuildPhase section */
		5E1118DF17E7477B003BF41D /* Frameworks */ = {
			isa = PBXFrameworksBuildPhase;
			buildActionMask = 2147483647;
			files = (
			);
			runOnlyForDeploymentPostprocessing = 0;
		};
/* End PBXFrameworksBuildPhase section */

/* Begin PBXGroup section */
		5E1118D917E7477B003BF41D = {
			isa = PBXGroup;
			children = (
				5E1118E417E7477B003BF41D /* Test7 */,
				5E1118E317E7477B003BF41D /* Products */,
			);
			sourceTree = "<group>";
		};
		5E1118E317E7477B003BF41D /* Products */ = {
			isa = PBXGroup;
			children = (
				5E1118E217E7477B003BF41D /* Test7 */,
			);
			name = Products;
			sourceTree = "<group>";
		};
		5E1118E417E7477B003BF41D /* Test7 */ = {
			isa = PBXGroup;
			children = (
				5E1118E517E7477B003BF41D /* main.cpp */,
				5E1118E717E7477B003BF41D /* Test7.1 */,
			);
			path = Test7;
			sourceTree = "<group>";
		};
/* End PBXGroup section */

/* Begin PBXNativeTarget section */
		5E1118E117E7477B003BF41D /* Test7 */ = {
			isa = PBXNativeTarget;
			buildConfigurationList = 5E1118EB17E7477B003BF41D /* Build configuration list for PBXNativeTarget "Test7" */;
			buildPhases = (
				5E1118DE17E7477B003BF41D /* Sources */,
				5E1118DF17E7477B003BF41D /* Frameworks */,
				5E1118E017E7477B003BF41D /* CopyFiles */,
			);
			buildRules = (
			);
			dependencies = (
			);
			name = Test7;
			productName = Test7;
			productReference = 5E1118E217E7477B003BF41D /* Test7 */;
			productType = "com.apple.product-type.tool";
		};
/* End PBXNativeTarget section */

/* Begin PBXProject section */
		5E1118DA17E7477B003BF41D /* Project object */ = {
			isa = PBXProject;
			attributes = {
				LastUpgradeCheck = 0460;
				ORGANIZATIONNAME = " 刘骥";
			};
			buildConfigurationList = 5E1118DD17E7477B003BF41D /* Build configuration list for PBXProject "Test7" */;
			compatibilityVersion = "Xcode 3.2";
			developmentRegion = English;
			hasScannedForEncodings = 0;
			knownRegions = (
				en,
			);
			mainGroup = 5E1118D917E7477B003BF41D;
			productRefGroup = 5E1118E317E7477B003BF41D /* Products */;
			projectDirPath = "";
			projectRoot = "";
			targets = (
				5E1118E117E7477B003BF41D /* Test7 */,
			);
		};
/* End PBXProject section */

/* Begin PBXSourcesBuildPhase section */
		5E1118DE17E7477B003BF41D /* Sources */ = {
			isa = PBXSourcesBuildPhase;
			buildActionMask = 2147483647;
			files = (
				5E1118E617E7477B003BF41D /* main.cpp in Sources */,
			);
			runOnlyForDeploymentPostprocessing = 0;
		};
/* End PBXSourcesBuildPhase section */

/* Begin XCBuildConfiguration section */
		5E1118E917E7477B003BF41D /* Debug */ = {
			isa = XCBuildConfiguration;
			buildSettings = {
				ALWAYS_SEARCH_USER_PATHS = NO;
				ARCHS = "$(ARCHS_STANDARD_64_BIT)";
				CLANG_CXX_LANGUAGE_STANDARD = "gnu++0x";
				CLANG_CXX_LIBRARY = "libc++";
				CLANG_WARN_CONSTANT_CONVERSION = YES;
				CLANG_WARN_EMPTY_BODY = YES;
				CLANG_WARN_ENUM_CONVERSION = YES;
				CLANG_WARN_INT_CONVERSION = YES;
				CLANG_WARN__DUPLICATE_METHOD_MATCH = YES;
				COPY_PHASE_STRIP = NO;
				GCC_C_LANGUAGE_STANDARD = gnu99;
				GCC_DYNAMIC_NO_PIC = NO;
				GCC_ENABLE_OBJC_EXCEPTIONS = YES;
				GCC_OPTIMIZATION_LEVEL = 0;
				GCC_PREPROCESSOR_DEFINITIONS = (
					"DEBUG=1",
					"$(inherited)",
				);
				GCC_SYMBOLS_PRIVATE_EXTERN = NO;
				GCC_WARN_64_TO_32_BIT_CONVERSION = YES;
				GCC_WARN_ABOUT_RETURN_TYPE = YES;
				GCC_WARN_UNINITIALIZED_AUTOS = YES;
				GCC_WARN_UNUSED_VARIABLE = YES;
				MACOSX_DEPLOYMENT_TARGET = 10.8;
				ONLY_ACTIVE_ARCH = YES;
				SDKROOT = macosx;
			};
			name = Debug;
		};
		5E1118EA17E7477B003BF41D /* Release */ = {
			isa = XCBuildConfiguration;
			buildSettings = {
				ALWAYS_SEARCH_USER_PATHS = NO;
				ARCHS = "$(ARCHS_STANDARD_64_BIT)";
				CLANG_CXX_LANGUAGE_STANDARD = "gnu++0x";
				CLANG_CXX_LIBRARY = "libc++";
				CLANG_WARN_CONSTANT_CONVERSION = YES;
				CLANG_WARN_EMPTY_BODY = YES;
				CLANG_WARN_ENUM_CONVERSION = YES;
				CLANG_WARN_INT_CONVERSION = YES;
				CLANG_WARN__DUPLICATE_METHOD_MATCH = YES;
				COPY_PHASE_STRIP = YES;
				DEBUG_INFORMATION_FORMAT = "dwarf-with-dsym";
				GCC_C_LANGUAGE_STANDARD = gnu99;
				GCC_ENABLE_OBJC_EXCEPTIONS = YES;
				GCC_WARN_64_TO_32_BIT_CONVERSION = YES;
				GCC_WARN_ABOUT_RETURN_TYPE = YES;
				GCC_WARN_UNINITIALIZED_AUTOS = YES;
				GCC_WARN_UNUSED_VARIABLE = YES;
				MACOSX_DEPLOYMENT_TARGET = 10.8;
				SDKROOT = macosx;
			};
			name = Release;
		};
		5E1118EC17E7477B003BF41D /* Debug */ = {
			isa = XCBuildConfiguration;
			buildSettings = {
				PRODUCT_NAME = "$(TARGET_NAME)";
			};
			name = Debug;
		};
		5E1118ED17E7477B003BF41D /* Release */ = {
			isa = XCBuildConfiguration;
			buildSettings = {
				PRODUCT_NAME = "$(TARGET_NAME)";
			};
			name = Release;
		};
/* End XCBuildConfiguration section */

/* Begin XCConfigurationList section */
		5E1118DD17E7477B003BF41D /* Build configuration list for PBXProject "Test7" */ = {
			isa = XCConfigurationList;
			buildConfigurations = (
				5E1118E917E7477B003BF41D /* Debug */,
				5E1118EA17E7477B003BF41D /* Release */,
			);
			defaultConfigurationIsVisible = 0;
			defaultConfigurationName = Release;
		};
		5E1118EB17E7477B003BF41D /* Build configuration list for PBXNativeTarget "Test7" */ = {
			isa = XCConfigurationList;
			buildConfigurations = (
				5E1118EC17E7477B003BF41D /* Debug */,
				5E1118ED17E7477B003BF41D /* Release */,
			);
			defaultConfigurationIsVisible = 0;
		};
/* End XCConfigurationList section */
	};
	rootObject = 5E1118DA17E7477B003BF41D /* Project object */;
}
