// !$*UTF8*$!
{
	archiveVersion = 1;
	classes = {
	};
	objectVersion = 46;
	objects = {

/* Begin PBXBuildFile section */
		5EB8FD1017EEC6870097320D /* main.cpp in Sources */ = {isa = PBXBuildFile; fileRef = 5EB8FD0F17EEC6870097320D /* main.cpp */; };
		5EB8FD1217EEC6870097320D /* Test1.1 in CopyFiles */ = {isa = PBXBuildFile; fileRef = 5EB8FD1117EEC6870097320D /* Test1.1 */; };
/* End PBXBuildFile section */

/* Begin PBXCopyFilesBuildPhase section */
		5EB8FD0A17EEC6870097320D /* CopyFiles */ = {
			isa = PBXCopyFilesBuildPhase;
			buildActionMask = 2147483647;
			dstPath = /usr/share/man/man1/;
			dstSubfolderSpec = 0;
			files = (
				5EB8FD1217EEC6870097320D /* Test1.1 in CopyFiles */,
			);
			runOnlyForDeploymentPostprocessing = 1;
		};
/* End PBXCopyFilesBuildPhase section */

/* Begin PBXFileReference section */
		5EB8FD0C17EEC6870097320D /* Test1 */ = {isa = PBXFileReference; explicitFileType = "compiled.mach-o.executable"; includeInIndex = 0; path = Test1; sourceTree = BUILT_PRODUCTS_DIR; };
		5EB8FD0F17EEC6870097320D /* main.cpp */ = {isa = PBXFileReference; lastKnownFileType = sourcecode.cpp.cpp; path = main.cpp; sourceTree = "<group>"; };
		5EB8FD1117EEC6870097320D /* Test1.1 */ = {isa = PBXFileReference; lastKnownFileType = text.man; path = Test1.1; sourceTree = "<group>"; };
/* End PBXFileReference section */

/* Begin PBXFrameworksBuildPhase section */
		5EB8FD0917EEC6870097320D /* Frameworks */ = {
			isa = PBXFrameworksBuildPhase;
			buildActionMask = 2147483647;
			files = (
			);
			runOnlyForDeploymentPostprocessing = 0;
		};
/* End PBXFrameworksBuildPhase section */

/* Begin PBXGroup section */
		5EB8FD0317EEC6870097320D = {
			isa = PBXGroup;
			children = (
				5EB8FD0E17EEC6870097320D /* Test1 */,
				5EB8FD0D17EEC6870097320D /* Products */,
			);
			sourceTree = "<group>";
		};
		5EB8FD0D17EEC6870097320D /* Products */ = {
			isa = PBXGroup;
			children = (
				5EB8FD0C17EEC6870097320D /* Test1 */,
			);
			name = Products;
			sourceTree = "<group>";
		};
		5EB8FD0E17EEC6870097320D /* Test1 */ = {
			isa = PBXGroup;
			children = (
				5EB8FD0F17EEC6870097320D /* main.cpp */,
				5EB8FD1117EEC6870097320D /* Test1.1 */,
			);
			path = Test1;
			sourceTree = "<group>";
		};
/* End PBXGroup section */

/* Begin PBXNativeTarget section */
		5EB8FD0B17EEC6870097320D /* Test1 */ = {
			isa = PBXNativeTarget;
			buildConfigurationList = 5EB8FD1517EEC6870097320D /* Build configuration list for PBXNativeTarget "Test1" */;
			buildPhases = (
				5EB8FD0817EEC6870097320D /* Sources */,
				5EB8FD0917EEC6870097320D /* Frameworks */,
				5EB8FD0A17EEC6870097320D /* CopyFiles */,
			);
			buildRules = (
			);
			dependencies = (
			);
			name = Test1;
			productName = Test1;
			productReference = 5EB8FD0C17EEC6870097320D /* Test1 */;
			productType = "com.apple.product-type.tool";
		};
/* End PBXNativeTarget section */

/* Begin PBXProject section */
		5EB8FD0417EEC6870097320D /* Project object */ = {
			isa = PBXProject;
			attributes = {
				LastUpgradeCheck = 0460;
				ORGANIZATIONNAME = " 刘骥";
			};
			buildConfigurationList = 5EB8FD0717EEC6870097320D /* Build configuration list for PBXProject "Test1" */;
			compatibilityVersion = "Xcode 3.2";
			developmentRegion = English;
			hasScannedForEncodings = 0;
			knownRegions = (
				en,
			);
			mainGroup = 5EB8FD0317EEC6870097320D;
			productRefGroup = 5EB8FD0D17EEC6870097320D /* Products */;
			projectDirPath = "";
			projectRoot = "";
			targets = (
				5EB8FD0B17EEC6870097320D /* Test1 */,
			);
		};
/* End PBXProject section */

/* Begin PBXSourcesBuildPhase section */
		5EB8FD0817EEC6870097320D /* Sources */ = {
			isa = PBXSourcesBuildPhase;
			buildActionMask = 2147483647;
			files = (
				5EB8FD1017EEC6870097320D /* main.cpp in Sources */,
			);
			runOnlyForDeploymentPostprocessing = 0;
		};
/* End PBXSourcesBuildPhase section */

/* Begin XCBuildConfiguration section */
		5EB8FD1317EEC6870097320D /* Debug */ = {
			isa = XCBuildConfiguration;
			buildSettings = {
				ALWAYS_SEARCH_USER_PATHS = NO;
				ARCHS = "$(ARCHS_STANDARD_64_BIT)";
				CLANG_CXX_LANGUAGE_STANDARD = "gnu++0x";
				CLANG_CXX_LIBRARY = "libc++";
				CLANG_WARN_CONSTANT_CONVERSION = YES;
				CLANG_WARN_EMPTY_BODY = YES;
				CLANG_WARN_ENUM_CONVERSION = YES;
				CLANG_WARN_INT_CONVERSION = YES;
				CLANG_WARN__DUPLICATE_METHOD_MATCH = YES;
				COPY_PHASE_STRIP = NO;
				GCC_C_LANGUAGE_STANDARD = gnu99;
				GCC_DYNAMIC_NO_PIC = NO;
				GCC_ENABLE_OBJC_EXCEPTIONS = YES;
				GCC_OPTIMIZATION_LEVEL = 0;
				GCC_PREPROCESSOR_DEFINITIONS = (
					"DEBUG=1",
					"$(inherited)",
				);
				GCC_SYMBOLS_PRIVATE_EXTERN = NO;
				GCC_WARN_64_TO_32_BIT_CONVERSION = YES;
				GCC_WARN_ABOUT_RETURN_TYPE = YES;
				GCC_WARN_UNINITIALIZED_AUTOS = YES;
				GCC_WARN_UNUSED_VARIABLE = YES;
				MACOSX_DEPLOYMENT_TARGET = 10.8;
				ONLY_ACTIVE_ARCH = YES;
				SDKROOT = macosx;
			};
			name = Debug;
		};
		5EB8FD1417EEC6870097320D /* Release */ = {
			isa = XCBuildConfiguration;
			buildSettings = {
				ALWAYS_SEARCH_USER_PATHS = NO;
				ARCHS = "$(ARCHS_STANDARD_64_BIT)";
				CLANG_CXX_LANGUAGE_STANDARD = "gnu++0x";
				CLANG_CXX_LIBRARY = "libc++";
				CLANG_WARN_CONSTANT_CONVERSION = YES;
				CLANG_WARN_EMPTY_BODY = YES;
				CLANG_WARN_ENUM_CONVERSION = YES;
				CLANG_WARN_INT_CONVERSION = YES;
				CLANG_WARN__DUPLICATE_METHOD_MATCH = YES;
				COPY_PHASE_STRIP = YES;
				DEBUG_INFORMATION_FORMAT = "dwarf-with-dsym";
				GCC_C_LANGUAGE_STANDARD = gnu99;
				GCC_ENABLE_OBJC_EXCEPTIONS = YES;
				GCC_WARN_64_TO_32_BIT_CONVERSION = YES;
				GCC_WARN_ABOUT_RETURN_TYPE = YES;
				GCC_WARN_UNINITIALIZED_AUTOS = YES;
				GCC_WARN_UNUSED_VARIABLE = YES;
				MACOSX_DEPLOYMENT_TARGET = 10.8;
				SDKROOT = macosx;
			};
			name = Release;
		};
		5EB8FD1617EEC6870097320D /* Debug */ = {
			isa = XCBuildConfiguration;
			buildSettings = {
				PRODUCT_NAME = "$(TARGET_NAME)";
			};
			name = Debug;
		};
		5EB8FD1717EEC6870097320D /* Release */ = {
			isa = XCBuildConfiguration;
			buildSettings = {
				PRODUCT_NAME = "$(TARGET_NAME)";
			};
			name = Release;
		};
/* End XCBuildConfiguration section */

/* Begin XCConfigurationList section */
		5EB8FD0717EEC6870097320D /* Build configuration list for PBXProject "Test1" */ = {
			isa = XCConfigurationList;
			buildConfigurations = (
				5EB8FD1317EEC6870097320D /* Debug */,
				5EB8FD1417EEC6870097320D /* Release */,
			);
			defaultConfigurationIsVisible = 0;
			defaultConfigurationName = Release;
		};
		5EB8FD1517EEC6870097320D /* Build configuration list for PBXNativeTarget "Test1" */ = {
			isa = XCConfigurationList;
			buildConfigurations = (
				5EB8FD1617EEC6870097320D /* Debug */,
				5EB8FD1717EEC6870097320D /* Release */,
			);
			defaultConfigurationIsVisible = 0;
		};
/* End XCConfigurationList section */
	};
	rootObject = 5EB8FD0417EEC6870097320D /* Project object */;
}
